{
  "name": "js",
  "lockfileVersion": 2,
  "requires": true,
  "packages": {
    "": {
      "dependencies": {
        "image-map": "^2.0.1"
      }
    },
    "node_modules/image-map": {
      "version": "2.0.1",
      "resolved": "https://registry.npmjs.org/image-map/-/image-map-2.0.1.tgz",
      "integrity": "sha512-6SVn3CK7n4wtaWqW3vRSFvKKyQpChr7ADECmLTS9WsD4mTivkRgZ8OqfUBsg7bo5hm81oiO02aAyZ1dNu20xXQ=="
    }
  },
  "dependencies": {
    "image-map": {
      "version": "2.0.1",
      "resolved": "https://registry.npmjs.org/image-map/-/image-map-2.0.1.tgz",
      "integrity": "sha512-6SVn3CK7n4wtaWqW3vRSFvKKyQpChr7ADECmLTS9WsD4mTivkRgZ8OqfUBsg7bo5hm81oiO02aAyZ1dNu20xXQ=="
    }
  }
}
